
Microsoft Visual Studio Solution File, Format Version 12.00
# Visual Studio Version 17
VisualStudioVersion = 17.6.33829.357
MinimumVisualStudioVersion = 10.0.40219.1
Project("{FAE04EC0-301F-11D3-BF4B-00C04F79EFBC}") = "CHNSpec.Device.Bluetooth.Demo", "CHNSpec.Device.Bluetooth.Demo\CHNSpec.Device.Bluetooth.Demo.csproj", "{65EDDA04-CC96-4213-BA5C-A8B2133EAFDA}"
EndProject
Global
	GlobalSection(SolutionConfigurationPlatforms) = preSolution
		Debug|Any CPU = Debug|Any CPU
		Debug|x64 = Debug|x64
		Debug|x86 = Debug|x86
		Release|Any CPU = Release|Any CPU
		Release|x64 = Release|x64
		Release|x86 = Release|x86
	EndGlobalSection
	GlobalSection(ProjectConfigurationPlatforms) = postSolution
		{65EDDA04-CC96-4213-BA5C-A8B2133EAFDA}.Debug|Any CPU.ActiveCfg = Debug|Any CPU
		{65EDDA04-CC96-4213-BA5C-A8B2133EAFDA}.Debug|Any CPU.Build.0 = Debug|Any CPU
		{65EDDA04-CC96-4213-BA5C-A8B2133EAFDA}.Debug|x64.ActiveCfg = Debug|x64
		{65EDDA04-CC96-4213-BA5C-A8B2133EAFDA}.Debug|x64.Build.0 = Debug|x64
		{65EDDA04-CC96-4213-BA5C-A8B2133EAFDA}.Debug|x86.ActiveCfg = Debug|x86
		{65EDDA04-CC96-4213-BA5C-A8B2133EAFDA}.Debug|x86.Build.0 = Debug|x86
		{65EDDA04-CC96-4213-BA5C-A8B2133EAFDA}.Release|Any CPU.ActiveCfg = Release|Any CPU
		{65EDDA04-CC96-4213-BA5C-A8B2133EAFDA}.Release|Any CPU.Build.0 = Release|Any CPU
		{65EDDA04-CC96-4213-BA5C-A8B2133EAFDA}.Release|x64.ActiveCfg = Release|x64
		{65EDDA04-CC96-4213-BA5C-A8B2133EAFDA}.Release|x64.Build.0 = Release|x64
		{65EDDA04-CC96-4213-BA5C-A8B2133EAFDA}.Release|x86.ActiveCfg = Release|x86
		{65EDDA04-CC96-4213-BA5C-A8B2133EAFDA}.Release|x86.Build.0 = Release|x86
	EndGlobalSection
	GlobalSection(SolutionProperties) = preSolution
		HideSolutionNode = FALSE
	EndGlobalSection
	GlobalSection(ExtensibilityGlobals) = postSolution
		SolutionGuid = {1C2F707C-A592-4514-A0C4-10E4A93B87A7}
	EndGlobalSection
EndGlobal
